{
  "name": "classapi",
  "version": "1.0.2",
  "lockfileVersion": 1,
  "requires": true,
  "dependencies": {
    "epress": {
      "version": "0.0.1-security",
      "resolved": "https://registry.npmjs.org/epress/-/epress-0.0.1-security.tgz",
      "integrity": "sha512-/REk6cExLsDmL7S4dXf6SHaZl4e+9ZzoGAH6KEETT9lzZyBr4PnFLvHFc0WGb+vXzIOqySHSigzP+iSD+IDUYw=="
    }
  }
}
